
Microsoft Visual Studio Solution File, Format Version 12.00
# Visual Studio Version 17
VisualStudioVersion = 17.0.31903.59
MinimumVisualStudioVersion = 10.0.40219.1
Project("{FAE04EC0-301F-11D3-BF4B-00C04F79EFBC}") = "Engine", "Engine\Engine.csproj", "{37EC8429-C031-467A-A36A-6B740780CD21}"
EndProject
Project("{FAE04EC0-301F-11D3-BF4B-00C04F79EFBC}") = "Engine.UI", "Engine\Engine.UI.csproj", "{7C5B328D-909F-4581-BBA9-07A5A3953D71}"
EndProject
Project("{FAE04EC0-301F-11D3-BF4B-00C04F79EFBC}") = "Engine.Platform.WinForms", "Engine\Engine.Platform.WinForms.csproj", "{6A1D1034-4D90-4661-8054-F20354B87B6D}"
EndProject
Project("{FAE04EC0-301F-11D3-BF4B-00C04F79EFBC}") = "Engine.Platform.Skia", "Engine\Engine.Platform.Skia.csproj", "{8740CF43-871F-43B4-8953-E1572461772D}"
EndProject
Project("{FAE04EC0-301F-11D3-BF4B-00C04F79EFBC}") = "StarAnimation", "StarAnimation\StarAnimation.csproj", "{F806769B-B852-4FBD-BB3E-EE8475A906FC}"
EndProject
Project("{FAE04EC0-301F-11D3-BF4B-00C04F79EFBC}") = "ChineseChess.Core", "Game\Core\ChineseChess.Core.csproj", "{CCEE3B0F-9CEE-413E-B84C-60079F1F1FF3}"
EndProject
Project("{FAE04EC0-301F-11D3-BF4B-00C04F79EFBC}") = "ChineseChess.Application", "Game\Application\ChineseChess.Application.csproj", "{6AED5383-B7B6-4F58-A413-9FB102B13540}"
EndProject
Project("{FAE04EC0-301F-11D3-BF4B-00C04F79EFBC}") = "ChineseChess.UI", "Game\UI\ChineseChess.UI.csproj", "{B744F944-9EA6-4D36-9228-94DF93FDCD81}"
EndProject
Project("{FAE04EC0-301F-11D3-BF4B-00C04F79EFBC}") = "ChineseChess.Composition", "Composition\ChineseChess.Composition.csproj", "{D938E08B-72DA-47DB-8368-891DEE06F5CC}"
EndProject
Project("{FAE04EC0-301F-11D3-BF4B-00C04F79EFBC}") = "Launcher", "Launcher\Launcher.csproj", "{F775A2DC-C235-4725-897C-48D1DC33B096}"
EndProject
Project("{FAE04EC0-301F-11D3-BF4B-00C04F79EFBC}") = "Launcher.Cross", "Launcher.Cross\Launcher.Cross.csproj", "{29BB81AE-B7A6-4DB9-9E25-FD929DF60957}"
EndProject
Project("{FAE04EC0-301F-11D3-BF4B-00C04F79EFBC}") = "ChineseChess.RulesHost", "Game\Core\RulesHost\ChineseChess.RulesHost.csproj", "{A0971476-0AB7-47CB-AFDF-56E03884A7CE}"
EndProject
Project("{FAE04EC0-301F-11D3-BF4B-00C04F79EFBC}") = "NetClient", "Net-Client\NetClient.csproj", "{72AFAC4B-DFA9-4335-BD89-A4974FDF652C}"
EndProject
Project("{FAE04EC0-301F-11D3-BF4B-00C04F79EFBC}") = "ChineseChess.Network", "Network\ChineseChess.Network.csproj", "{EEC51AC6-2391-4EAA-8EC0-36994361F488}"
EndProject
Global
	GlobalSection(SolutionConfigurationPlatforms) = preSolution
		Debug|Any CPU = Debug|Any CPU
		Debug|x64 = Debug|x64
		Debug|x86 = Debug|x86
		Release|Any CPU = Release|Any CPU
		Release|x64 = Release|x64
		Release|x86 = Release|x86
	EndGlobalSection
	GlobalSection(ProjectConfigurationPlatforms) = postSolution
		{37EC8429-C031-467A-A36A-6B740780CD21}.Debug|Any CPU.ActiveCfg = Debug|Any CPU
		{37EC8429-C031-467A-A36A-6B740780CD21}.Debug|Any CPU.Build.0 = Debug|Any CPU
		{37EC8429-C031-467A-A36A-6B740780CD21}.Debug|x64.ActiveCfg = Debug|Any CPU
		{37EC8429-C031-467A-A36A-6B740780CD21}.Debug|x64.Build.0 = Debug|Any CPU
		{37EC8429-C031-467A-A36A-6B740780CD21}.Debug|x86.ActiveCfg = Debug|Any CPU
		{37EC8429-C031-467A-A36A-6B740780CD21}.Debug|x86.Build.0 = Debug|Any CPU
		{37EC8429-C031-467A-A36A-6B740780CD21}.Release|Any CPU.ActiveCfg = Release|Any CPU
		{37EC8429-C031-467A-A36A-6B740780CD21}.Release|Any CPU.Build.0 = Release|Any CPU
		{37EC8429-C031-467A-A36A-6B740780CD21}.Release|x64.ActiveCfg = Release|Any CPU
		{37EC8429-C031-467A-A36A-6B740780CD21}.Release|x64.Build.0 = Release|Any CPU
		{37EC8429-C031-467A-A36A-6B740780CD21}.Release|x86.ActiveCfg = Release|Any CPU
		{37EC8429-C031-467A-A36A-6B740780CD21}.Release|x86.Build.0 = Release|Any CPU
		{7C5B328D-909F-4581-BBA9-07A5A3953D71}.Debug|Any CPU.ActiveCfg = Debug|Any CPU
		{7C5B328D-909F-4581-BBA9-07A5A3953D71}.Debug|Any CPU.Build.0 = Debug|Any CPU
		{7C5B328D-909F-4581-BBA9-07A5A3953D71}.Debug|x64.ActiveCfg = Debug|Any CPU
		{7C5B328D-909F-4581-BBA9-07A5A3953D71}.Debug|x64.Build.0 = Debug|Any CPU
		{7C5B328D-909F-4581-BBA9-07A5A3953D71}.Debug|x86.ActiveCfg = Debug|Any CPU
		{7C5B328D-909F-4581-BBA9-07A5A3953D71}.Debug|x86.Build.0 = Debug|Any CPU
		{7C5B328D-909F-4581-BBA9-07A5A3953D71}.Release|Any CPU.ActiveCfg = Release|Any CPU
		{7C5B328D-909F-4581-BBA9-07A5A3953D71}.Release|Any CPU.Build.0 = Release|Any CPU
		{7C5B328D-909F-4581-BBA9-07A5A3953D71}.Release|x64.ActiveCfg = Release|Any CPU
		{7C5B328D-909F-4581-BBA9-07A5A3953D71}.Release|x64.Build.0 = Release|Any CPU
		{7C5B328D-909F-4581-BBA9-07A5A3953D71}.Release|x86.ActiveCfg = Release|Any CPU
		{7C5B328D-909F-4581-BBA9-07A5A3953D71}.Release|x86.Build.0 = Release|Any CPU
		{6A1D1034-4D90-4661-8054-F20354B87B6D}.Debug|Any CPU.ActiveCfg = Debug|Any CPU
		{6A1D1034-4D90-4661-8054-F20354B87B6D}.Debug|Any CPU.Build.0 = Debug|Any CPU
		{6A1D1034-4D90-4661-8054-F20354B87B6D}.Debug|x64.ActiveCfg = Debug|Any CPU
		{6A1D1034-4D90-4661-8054-F20354B87B6D}.Debug|x64.Build.0 = Debug|Any CPU
		{6A1D1034-4D90-4661-8054-F20354B87B6D}.Debug|x86.ActiveCfg = Debug|Any CPU
		{6A1D1034-4D90-4661-8054-F20354B87B6D}.Debug|x86.Build.0 = Debug|Any CPU
		{6A1D1034-4D90-4661-8054-F20354B87B6D}.Release|Any CPU.ActiveCfg = Release|Any CPU
		{6A1D1034-4D90-4661-8054-F20354B87B6D}.Release|Any CPU.Build.0 = Release|Any CPU
		{6A1D1034-4D90-4661-8054-F20354B87B6D}.Release|x64.ActiveCfg = Release|Any CPU
		{6A1D1034-4D90-4661-8054-F20354B87B6D}.Release|x64.Build.0 = Release|Any CPU
		{6A1D1034-4D90-4661-8054-F20354B87B6D}.Release|x86.ActiveCfg = Release|Any CPU
		{6A1D1034-4D90-4661-8054-F20354B87B6D}.Release|x86.Build.0 = Release|Any CPU
		{8740CF43-871F-43B4-8953-E1572461772D}.Debug|Any CPU.ActiveCfg = Debug|Any CPU
		{8740CF43-871F-43B4-8953-E1572461772D}.Debug|Any CPU.Build.0 = Debug|Any CPU
		{8740CF43-871F-43B4-8953-E1572461772D}.Debug|x64.ActiveCfg = Debug|Any CPU
		{8740CF43-871F-43B4-8953-E1572461772D}.Debug|x64.Build.0 = Debug|Any CPU
		{8740CF43-871F-43B4-8953-E1572461772D}.Debug|x86.ActiveCfg = Debug|Any CPU
		{8740CF43-871F-43B4-8953-E1572461772D}.Debug|x86.Build.0 = Debug|Any CPU
		{8740CF43-871F-43B4-8953-E1572461772D}.Release|Any CPU.ActiveCfg = Release|Any CPU
		{8740CF43-871F-43B4-8953-E1572461772D}.Release|Any CPU.Build.0 = Release|Any CPU
		{8740CF43-871F-43B4-8953-E1572461772D}.Release|x64.ActiveCfg = Release|Any CPU
		{8740CF43-871F-43B4-8953-E1572461772D}.Release|x64.Build.0 = Release|Any CPU
		{8740CF43-871F-43B4-8953-E1572461772D}.Release|x86.ActiveCfg = Release|Any CPU
		{8740CF43-871F-43B4-8953-E1572461772D}.Release|x86.Build.0 = Release|Any CPU
		{F806769B-B852-4FBD-BB3E-EE8475A906FC}.Debug|Any CPU.ActiveCfg = Debug|Any CPU
		{F806769B-B852-4FBD-BB3E-EE8475A906FC}.Debug|Any CPU.Build.0 = Debug|Any CPU
		{F806769B-B852-4FBD-BB3E-EE8475A906FC}.Debug|x64.ActiveCfg = Debug|Any CPU
		{F806769B-B852-4FBD-BB3E-EE8475A906FC}.Debug|x64.Build.0 = Debug|Any CPU
		{F806769B-B852-4FBD-BB3E-EE8475A906FC}.Debug|x86.ActiveCfg = Debug|Any CPU
		{F806769B-B852-4FBD-BB3E-EE8475A906FC}.Debug|x86.Build.0 = Debug|Any CPU
		{F806769B-B852-4FBD-BB3E-EE8475A906FC}.Release|Any CPU.ActiveCfg = Release|Any CPU
		{F806769B-B852-4FBD-BB3E-EE8475A906FC}.Release|Any CPU.Build.0 = Release|Any CPU
		{F806769B-B852-4FBD-BB3E-EE8475A906FC}.Release|x64.ActiveCfg = Release|Any CPU
		{F806769B-B852-4FBD-BB3E-EE8475A906FC}.Release|x64.Build.0 = Release|Any CPU
		{F806769B-B852-4FBD-BB3E-EE8475A906FC}.Release|x86.ActiveCfg = Release|Any CPU
		{F806769B-B852-4FBD-BB3E-EE8475A906FC}.Release|x86.Build.0 = Release|Any CPU
		{CCEE3B0F-9CEE-413E-B84C-60079F1F1FF3}.Debug|Any CPU.ActiveCfg = Debug|Any CPU
		{CCEE3B0F-9CEE-413E-B84C-60079F1F1FF3}.Debug|Any CPU.Build.0 = Debug|Any CPU
		{CCEE3B0F-9CEE-413E-B84C-60079F1F1FF3}.Debug|x64.ActiveCfg = Debug|Any CPU
		{CCEE3B0F-9CEE-413E-B84C-60079F1F1FF3}.Debug|x64.Build.0 = Debug|Any CPU
		{CCEE3B0F-9CEE-413E-B84C-60079F1F1FF3}.Debug|x86.ActiveCfg = Debug|Any CPU
		{CCEE3B0F-9CEE-413E-B84C-60079F1F1FF3}.Debug|x86.Build.0 = Debug|Any CPU
		{CCEE3B0F-9CEE-413E-B84C-60079F1F1FF3}.Release|Any CPU.ActiveCfg = Release|Any CPU
		{CCEE3B0F-9CEE-413E-B84C-60079F1F1FF3}.Release|Any CPU.Build.0 = Release|Any CPU
		{CCEE3B0F-9CEE-413E-B84C-60079F1F1FF3}.Release|x64.ActiveCfg = Release|Any CPU
		{CCEE3B0F-9CEE-413E-B84C-60079F1F1FF3}.Release|x64.Build.0 = Release|Any CPU
		{CCEE3B0F-9CEE-413E-B84C-60079F1F1FF3}.Release|x86.ActiveCfg = Release|Any CPU
		{CCEE3B0F-9CEE-413E-B84C-60079F1F1FF3}.Release|x86.Build.0 = Release|Any CPU
		{6AED5383-B7B6-4F58-A413-9FB102B13540}.Debug|Any CPU.ActiveCfg = Debug|Any CPU
		{6AED5383-B7B6-4F58-A413-9FB102B13540}.Debug|Any CPU.Build.0 = Debug|Any CPU
		{6AED5383-B7B6-4F58-A413-9FB102B13540}.Debug|x64.ActiveCfg = Debug|Any CPU
		{6AED5383-B7B6-4F58-A413-9FB102B13540}.Debug|x64.Build.0 = Debug|Any CPU
		{6AED5383-B7B6-4F58-A413-9FB102B13540}.Debug|x86.ActiveCfg = Debug|Any CPU
		{6AED5383-B7B6-4F58-A413-9FB102B13540}.Debug|x86.Build.0 = Debug|Any CPU
		{6AED5383-B7B6-4F58-A413-9FB102B13540}.Release|Any CPU.ActiveCfg = Release|Any CPU
		{6AED5383-B7B6-4F58-A413-9FB102B13540}.Release|Any CPU.Build.0 = Release|Any CPU
		{6AED5383-B7B6-4F58-A413-9FB102B13540}.Release|x64.ActiveCfg = Release|Any CPU
		{6AED5383-B7B6-4F58-A413-9FB102B13540}.Release|x64.Build.0 = Release|Any CPU
		{6AED5383-B7B6-4F58-A413-9FB102B13540}.Release|x86.ActiveCfg = Release|Any CPU
		{6AED5383-B7B6-4F58-A413-9FB102B13540}.Release|x86.Build.0 = Release|Any CPU
		{B744F944-9EA6-4D36-9228-94DF93FDCD81}.Debug|Any CPU.ActiveCfg = Debug|Any CPU
		{B744F944-9EA6-4D36-9228-94DF93FDCD81}.Debug|Any CPU.Build.0 = Debug|Any CPU
		{B744F944-9EA6-4D36-9228-94DF93FDCD81}.Debug|x64.ActiveCfg = Debug|Any CPU
		{B744F944-9EA6-4D36-9228-94DF93FDCD81}.Debug|x64.Build.0 = Debug|Any CPU
		{B744F944-9EA6-4D36-9228-94DF93FDCD81}.Debug|x86.ActiveCfg = Debug|Any CPU
		{B744F944-9EA6-4D36-9228-94DF93FDCD81}.Debug|x86.Build.0 = Debug|Any CPU
		{B744F944-9EA6-4D36-9228-94DF93FDCD81}.Release|Any CPU.ActiveCfg = Release|Any CPU
		{B744F944-9EA6-4D36-9228-94DF93FDCD81}.Release|Any CPU.Build.0 = Release|Any CPU
		{B744F944-9EA6-4D36-9228-94DF93FDCD81}.Release|x64.ActiveCfg = Release|Any CPU
		{B744F944-9EA6-4D36-9228-94DF93FDCD81}.Release|x64.Build.0 = Release|Any CPU
		{B744F944-9EA6-4D36-9228-94DF93FDCD81}.Release|x86.ActiveCfg = Release|Any CPU
		{B744F944-9EA6-4D36-9228-94DF93FDCD81}.Release|x86.Build.0 = Release|Any CPU
		{D938E08B-72DA-47DB-8368-891DEE06F5CC}.Debug|Any CPU.ActiveCfg = Debug|Any CPU
		{D938E08B-72DA-47DB-8368-891DEE06F5CC}.Debug|Any CPU.Build.0 = Debug|Any CPU
		{D938E08B-72DA-47DB-8368-891DEE06F5CC}.Debug|x64.ActiveCfg = Debug|Any CPU
		{D938E08B-72DA-47DB-8368-891DEE06F5CC}.Debug|x64.Build.0 = Debug|Any CPU
		{D938E08B-72DA-47DB-8368-891DEE06F5CC}.Debug|x86.ActiveCfg = Debug|Any CPU
		{D938E08B-72DA-47DB-8368-891DEE06F5CC}.Debug|x86.Build.0 = Debug|Any CPU
		{D938E08B-72DA-47DB-8368-891DEE06F5CC}.Release|Any CPU.ActiveCfg = Release|Any CPU
		{D938E08B-72DA-47DB-8368-891DEE06F5CC}.Release|Any CPU.Build.0 = Release|Any CPU
		{D938E08B-72DA-47DB-8368-891DEE06F5CC}.Release|x64.ActiveCfg = Release|Any CPU
		{D938E08B-72DA-47DB-8368-891DEE06F5CC}.Release|x64.Build.0 = Release|Any CPU
		{D938E08B-72DA-47DB-8368-891DEE06F5CC}.Release|x86.ActiveCfg = Release|Any CPU
		{D938E08B-72DA-47DB-8368-891DEE06F5CC}.Release|x86.Build.0 = Release|Any CPU
		{F775A2DC-C235-4725-897C-48D1DC33B096}.Debug|Any CPU.ActiveCfg = Debug|Any CPU
		{F775A2DC-C235-4725-897C-48D1DC33B096}.Debug|Any CPU.Build.0 = Debug|Any CPU
		{F775A2DC-C235-4725-897C-48D1DC33B096}.Debug|x64.ActiveCfg = Debug|Any CPU
		{F775A2DC-C235-4725-897C-48D1DC33B096}.Debug|x64.Build.0 = Debug|Any CPU
		{F775A2DC-C235-4725-897C-48D1DC33B096}.Debug|x86.ActiveCfg = Debug|Any CPU
		{F775A2DC-C235-4725-897C-48D1DC33B096}.Debug|x86.Build.0 = Debug|Any CPU
		{F775A2DC-C235-4725-897C-48D1DC33B096}.Release|Any CPU.ActiveCfg = Release|Any CPU
		{F775A2DC-C235-4725-897C-48D1DC33B096}.Release|Any CPU.Build.0 = Release|Any CPU
		{F775A2DC-C235-4725-897C-48D1DC33B096}.Release|x64.ActiveCfg = Release|Any CPU
		{F775A2DC-C235-4725-897C-48D1DC33B096}.Release|x64.Build.0 = Release|Any CPU
		{F775A2DC-C235-4725-897C-48D1DC33B096}.Release|x86.ActiveCfg = Release|Any CPU
		{F775A2DC-C235-4725-897C-48D1DC33B096}.Release|x86.Build.0 = Release|Any CPU
		{29BB81AE-B7A6-4DB9-9E25-FD929DF60957}.Debug|Any CPU.ActiveCfg = Debug|Any CPU
		{29BB81AE-B7A6-4DB9-9E25-FD929DF60957}.Debug|Any CPU.Build.0 = Debug|Any CPU
		{29BB81AE-B7A6-4DB9-9E25-FD929DF60957}.Debug|x64.ActiveCfg = Debug|Any CPU
		{29BB81AE-B7A6-4DB9-9E25-FD929DF60957}.Debug|x64.Build.0 = Debug|Any CPU
		{29BB81AE-B7A6-4DB9-9E25-FD929DF60957}.Debug|x86.ActiveCfg = Debug|Any CPU
		{29BB81AE-B7A6-4DB9-9E25-FD929DF60957}.Debug|x86.Build.0 = Debug|Any CPU
		{29BB81AE-B7A6-4DB9-9E25-FD929DF60957}.Release|Any CPU.ActiveCfg = Release|Any CPU
		{29BB81AE-B7A6-4DB9-9E25-FD929DF60957}.Release|Any CPU.Build.0 = Release|Any CPU
		{29BB81AE-B7A6-4DB9-9E25-FD929DF60957}.Release|x64.ActiveCfg = Release|Any CPU
		{29BB81AE-B7A6-4DB9-9E25-FD929DF60957}.Release|x64.Build.0 = Release|Any CPU
		{29BB81AE-B7A6-4DB9-9E25-FD929DF60957}.Release|x86.ActiveCfg = Release|Any CPU
		{29BB81AE-B7A6-4DB9-9E25-FD929DF60957}.Release|x86.Build.0 = Release|Any CPU
		{A0971476-0AB7-47CB-AFDF-56E03884A7CE}.Debug|Any CPU.ActiveCfg = Debug|Any CPU
		{A0971476-0AB7-47CB-AFDF-56E03884A7CE}.Debug|Any CPU.Build.0 = Debug|Any CPU
		{A0971476-0AB7-47CB-AFDF-56E03884A7CE}.Debug|x64.ActiveCfg = Debug|Any CPU
		{A0971476-0AB7-47CB-AFDF-56E03884A7CE}.Debug|x64.Build.0 = Debug|Any CPU
		{A0971476-0AB7-47CB-AFDF-56E03884A7CE}.Debug|x86.ActiveCfg = Debug|Any CPU
		{A0971476-0AB7-47CB-AFDF-56E03884A7CE}.Debug|x86.Build.0 = Debug|Any CPU
		{A0971476-0AB7-47CB-AFDF-56E03884A7CE}.Release|Any CPU.ActiveCfg = Release|Any CPU
		{A0971476-0AB7-47CB-AFDF-56E03884A7CE}.Release|Any CPU.Build.0 = Release|Any CPU
		{A0971476-0AB7-47CB-AFDF-56E03884A7CE}.Release|x64.ActiveCfg = Release|Any CPU
		{A0971476-0AB7-47CB-AFDF-56E03884A7CE}.Release|x64.Build.0 = Release|Any CPU
		{A0971476-0AB7-47CB-AFDF-56E03884A7CE}.Release|x86.ActiveCfg = Release|Any CPU
		{A0971476-0AB7-47CB-AFDF-56E03884A7CE}.Release|x86.Build.0 = Release|Any CPU
		{72AFAC4B-DFA9-4335-BD89-A4974FDF652C}.Debug|Any CPU.ActiveCfg = Debug|Any CPU
		{72AFAC4B-DFA9-4335-BD89-A4974FDF652C}.Debug|Any CPU.Build.0 = Debug|Any CPU
		{72AFAC4B-DFA9-4335-BD89-A4974FDF652C}.Debug|x64.ActiveCfg = Debug|Any CPU
		{72AFAC4B-DFA9-4335-BD89-A4974FDF652C}.Debug|x64.Build.0 = Debug|Any CPU
		{72AFAC4B-DFA9-4335-BD89-A4974FDF652C}.Debug|x86.ActiveCfg = Debug|Any CPU
		{72AFAC4B-DFA9-4335-BD89-A4974FDF652C}.Debug|x86.Build.0 = Debug|Any CPU
		{72AFAC4B-DFA9-4335-BD89-A4974FDF652C}.Release|Any CPU.ActiveCfg = Release|Any CPU
		{72AFAC4B-DFA9-4335-BD89-A4974FDF652C}.Release|Any CPU.Build.0 = Release|Any CPU
		{72AFAC4B-DFA9-4335-BD89-A4974FDF652C}.Release|x64.ActiveCfg = Release|Any CPU
		{72AFAC4B-DFA9-4335-BD89-A4974FDF652C}.Release|x64.Build.0 = Release|Any CPU
		{72AFAC4B-DFA9-4335-BD89-A4974FDF652C}.Release|x86.ActiveCfg = Release|Any CPU
		{72AFAC4B-DFA9-4335-BD89-A4974FDF652C}.Release|x86.Build.0 = Release|Any CPU
		{EEC51AC6-2391-4EAA-8EC0-36994361F488}.Debug|Any CPU.ActiveCfg = Debug|Any CPU
		{EEC51AC6-2391-4EAA-8EC0-36994361F488}.Debug|Any CPU.Build.0 = Debug|Any CPU
		{EEC51AC6-2391-4EAA-8EC0-36994361F488}.Debug|x64.ActiveCfg = Debug|Any CPU
		{EEC51AC6-2391-4EAA-8EC0-36994361F488}.Debug|x64.Build.0 = Debug|Any CPU
		{EEC51AC6-2391-4EAA-8EC0-36994361F488}.Debug|x86.ActiveCfg = Debug|Any CPU
		{EEC51AC6-2391-4EAA-8EC0-36994361F488}.Debug|x86.Build.0 = Debug|Any CPU
		{EEC51AC6-2391-4EAA-8EC0-36994361F488}.Release|Any CPU.ActiveCfg = Release|Any CPU
		{EEC51AC6-2391-4EAA-8EC0-36994361F488}.Release|Any CPU.Build.0 = Release|Any CPU
		{EEC51AC6-2391-4EAA-8EC0-36994361F488}.Release|x64.ActiveCfg = Release|Any CPU
		{EEC51AC6-2391-4EAA-8EC0-36994361F488}.Release|x64.Build.0 = Release|Any CPU
		{EEC51AC6-2391-4EAA-8EC0-36994361F488}.Release|x86.ActiveCfg = Release|Any CPU
		{EEC51AC6-2391-4EAA-8EC0-36994361F488}.Release|x86.Build.0 = Release|Any CPU
	EndGlobalSection
	GlobalSection(SolutionProperties) = preSolution
		HideSolutionNode = FALSE
	EndGlobalSection
EndGlobal
